{
  "name": "mount-observer-script-element",
  "version": "0.0.0",
  "lockfileVersion": 3,
  "requires": true,
  "packages": {
    "": {
      "name": "mount-observer-script-element",
      "version": "0.0.0",
      "license": "MIT",
      "dependencies": {
        "mount-observer": "0.1.2"
      }
    },
    "node_modules/assign-gingerly": {
      "version": "0.0.2",
      "resolved": "https://registry.npmjs.org/assign-gingerly/-/assign-gingerly-0.0.2.tgz",
      "integrity": "sha512-XYkmsbicgG5v8q0+AQgKuf6BqUfTam3NFvZ9NBKKG3JOwOE9I+whqDF/9dy3LAp/AgLaY4MuHSNtLOwM7HMJQQ==",
      "license": "MIT"
    },
    "node_modules/mount-observer": {
      "version": "0.1.2",
      "resolved": "https://registry.npmjs.org/mount-observer/-/mount-observer-0.1.2.tgz",
      "integrity": "sha512-rNx75T01jwfiDEIVJ9Fcgovgvx0z9iU3AegDgVhkSw8k+Jdd2uydiHTiNyN+VVTz37dirWp2LFlHg3kDuMWBYw==",
      "license": "MIT",
      "dependencies": {
        "assign-gingerly": "0.0.2"
      }
    }
  }
}
